github.com/psranga/package_example/liba v0.0.0-20230125135047-5ac38a4324eb h1:tsdhwjFSr6brBuj4lrA/Pm9y2kjYlsT5eUzkeoAMHzA=
github.com/psranga/package_example/liba v0.0.0-20230125135047-5ac38a4324eb/go.mod h1:t8LdfuzzEVvUoTZXOIXENif7x1wl3P0aytCxnYKdSvs=
github.com/psranga/package_example/liba v0.0.0-20230125155313-11a4c6f6ca58 h1:be+y5u8+X0hIDjQm/AgVm1ziBXfNBD/dWB/Nt57+8xI=
github.com/psranga/package_example/liba v0.0.0-20230125155313-11a4c6f6ca58/go.mod h1:t8LdfuzzEVvUoTZXOIXENif7x1wl3P0aytCxnYKdSvs=
